PODS:
  - Flutter (1.0.0)
  - gdpr_dialog (0.0.1):
    - Flutter
    - PersonalizedAdConsent
  - PersonalizedAdConsent (1.0.4)

DEPENDENCIES:
  - Flutter (from `Flutter`)
  - gdpr_dialog (from `.symlinks/plugins/gdpr_dialog/ios`)

SPEC REPOS:
  trunk:
    - PersonalizedAdConsent

EXTERNAL SOURCES:
  Flutter:
    :path: Flutter
  gdpr_dialog:
    :path: ".symlinks/plugins/gdpr_dialog/ios"

SPEC CHECKSUMS:
  Flutter: 434fef37c0980e73bb6479ef766c45957d4b510c
  gdpr_dialog: f90fc33956d6f87dbe16dc94509995335f264386
  PersonalizedAdConsent: 4b87320b7a0f22576bec530ae3b7adba88a24c78

PODFILE CHECKSUM: aafe91acc616949ddb318b77800a7f51bffa2a4c

COCOAPODS: 1.10.1
